// !$*UTF8*$!
{
	archiveVersion = 1;
	classes = {
	};
	objectVersion = 56;
	objects = {

/* Begin PBXBuildFile section */
		B33382AD2AF7F87100F031C5 /* ZimranApp.swift in Sources */ = {isa = PBXBuildFile; fileRef = B33382AC2AF7F87100F031C5 /* ZimranApp.swift */; };
		B33382AF2AF7F87100F031C5 /* ContentView.swift in Sources */ = {isa = PBXBuildFile; fileRef = B33382AE2AF7F87100F031C5 /* ContentView.swift */; };
		B33382B12AF7F87100F031C5 /* Assets.xcassets in Resources */ = {isa = PBXBuildFile; fileRef = B33382B02AF7F87100F031C5 /* Assets.xcassets */; };
		B33382B42AF7F87100F031C5 /* Preview Assets.xcassets in Resources */ = {isa = PBXBuildFile; fileRef = B33382B32AF7F87100F031C5 /* Preview Assets.xcassets */; };
		B33382BE2AF7F89E00F031C5 /* Repository.swift in Sources */ = {isa = PBXBuildFile; fileRef = B33382BD2AF7F89E00F031C5 /* Repository.swift */; };
		B33382C02AF7F8AF00F031C5 /* User.swift in Sources */ = {isa = PBXBuildFile; fileRef = B33382BF2AF7F8AF00F031C5 /* User.swift */; };
		B33382C22AF7F8BB00F031C5 /* RepositoryViewModel.swift in Sources */ = {isa = PBXBuildFile; fileRef = B33382C12AF7F8BB00F031C5 /* RepositoryViewModel.swift */; };
		B33382C42AF7F8C500F031C5 /* UserViewModel.swift in Sources */ = {isa = PBXBuildFile; fileRef = B33382C32AF7F8C500F031C5 /* UserViewModel.swift */; };
		B33382C82AF7FA5C00F031C5 /* SearchResult.swift in Sources */ = {isa = PBXBuildFile; fileRef = B33382C72AF7FA5C00F031C5 /* SearchResult.swift */; };
		B33382CA2AF804B700F031C5 /* APIService.swift in Sources */ = {isa = PBXBuildFile; fileRef = B33382C92AF804B700F031C5 /* APIService.swift */; };
		B33382CC2AF8D5CB00F031C5 /* RepositoryDetailView.swift in Sources */ = {isa = PBXBuildFile; fileRef = B33382CB2AF8D5CB00F031C5 /* RepositoryDetailView.swift */; };
		B33382CE2AF8F92F00F031C5 /* RepositoryListView.swift in Sources */ = {isa = PBXBuildFile; fileRef = B33382CD2AF8F92F00F031C5 /* RepositoryListView.swift */; };
		B33382FC2AF94B3000F031C5 /* Zimran.xcdatamodeld in Sources */ = {isa = PBXBuildFile; fileRef = B33382FA2AF94B3000F031C5 /* Zimran.xcdatamodeld */; };
		B33382FE2AF94CB800F031C5 /* CoreDataManager.swift in Sources */ = {isa = PBXBuildFile; fileRef = B33382FD2AF94CB800F031C5 /* CoreDataManager.swift */; };
		B33383002AF9FFF200F031C5 /* PagingData.swift in Sources */ = {isa = PBXBuildFile; fileRef = B33382FF2AF9FFF200F031C5 /* PagingData.swift */; };
		B333831A2AFAB8C300F031C5 /* History.swift in Sources */ = {isa = PBXBuildFile; fileRef = B33383192AFAB8C300F031C5 /* History.swift */; };
		B333831C2AFAB99100F031C5 /* HistoryView.swift in Sources */ = {isa = PBXBuildFile; fileRef = B333831B2AFAB99100F031C5 /* HistoryView.swift */; };
		B333831E2AFABA9100F031C5 /* RepositoryRowView.swift in Sources */ = {isa = PBXBuildFile; fileRef = B333831D2AFABA9100F031C5 /* RepositoryRowView.swift */; };
		B33383202AFD440800F031C5 /* GitHubConstants.swift in Sources */ = {isa = PBXBuildFile; fileRef = B333831F2AFD440800F031C5 /* GitHubConstants.swift */; };
		B33383222AFD44BA00F031C5 /* Authorization.swift in Sources */ = {isa = PBXBuildFile; fileRef = B33383212AFD44BA00F031C5 /* Authorization.swift */; };
		B33383242AFD46F900F031C5 /* GithubLoginView.swift in Sources */ = {isa = PBXBuildFile; fileRef = B33383232AFD46F900F031C5 /* GithubLoginView.swift */; };
		B33383272AFEBBCF00F031C5 /* OAuthSwift in Frameworks */ = {isa = PBXBuildFile; productRef = B33383262AFEBBCF00F031C5 /* OAuthSwift */; };
		B33383292AFEBC0700F031C5 /* GitHubAuthWebView.swift in Sources */ = {isa = PBXBuildFile; fileRef = B33383282AFEBC0700F031C5 /* GitHubAuthWebView.swift */; };
/* End PBXBuildFile section */

/* Begin PBXFileReference section */
		B33382A92AF7F87100F031C5 /* Zimran.app */ = {isa = PBXFileReference; explicitFileType = wrapper.application; includeInIndex = 0; path = Zimran.app; sourceTree = BUILT_PRODUCTS_DIR; };
		B33382AC2AF7F87100F031C5 /* ZimranApp.swift */ = {isa = PBXFileReference; lastKnownFileType = sourcecode.swift; path = ZimranApp.swift; sourceTree = "<group>"; };
		B33382AE2AF7F87100F031C5 /* ContentView.swift */ = {isa = PBXFileReference; lastKnownFileType = sourcecode.swift; path = ContentView.swift; sourceTree = "<group>"; };
		B33382B02AF7F87100F031C5 /* Assets.xcassets */ = {isa = PBXFileReference; lastKnownFileType = folder.assetcatalog; path = Assets.xcassets; sourceTree = "<group>"; };
		B33382B32AF7F87100F031C5 /* Preview Assets.xcassets */ = {isa = PBXFileReference; lastKnownFileType = folder.assetcatalog; path = "Preview Assets.xcassets"; sourceTree = "<group>"; };
		B33382BD2AF7F89E00F031C5 /* Repository.swift */ = {isa = PBXFileReference; lastKnownFileType = sourcecode.swift; path = Repository.swift; sourceTree = "<group>"; };
		B33382BF2AF7F8AF00F031C5 /* User.swift */ = {isa = PBXFileReference; lastKnownFileType = sourcecode.swift; path = User.swift; sourceTree = "<group>"; };
		B33382C12AF7F8BB00F031C5 /* RepositoryViewModel.swift */ = {isa = PBXFileReference; lastKnownFileType = sourcecode.swift; path = RepositoryViewModel.swift; sourceTree = "<group>"; };
		B33382C32AF7F8C500F031C5 /* UserViewModel.swift */ = {isa = PBXFileReference; lastKnownFileType = sourcecode.swift; path = UserViewModel.swift; sourceTree = "<group>"; };
		B33382C72AF7FA5C00F031C5 /* SearchResult.swift */ = {isa = PBXFileReference; lastKnownFileType = sourcecode.swift; path = SearchResult.swift; sourceTree = "<group>"; };
		B33382C92AF804B700F031C5 /* APIService.swift */ = {isa = PBXFileReference; lastKnownFileType = sourcecode.swift; path = APIService.swift; sourceTree = "<group>"; };
		B33382CB2AF8D5CB00F031C5 /* RepositoryDetailView.swift */ = {isa = PBXFileReference; lastKnownFileType = sourcecode.swift; path = RepositoryDetailView.swift; sourceTree = "<group>"; };
		B33382CD2AF8F92F00F031C5 /* RepositoryListView.swift */ = {isa = PBXFileReference; lastKnownFileType = sourcecode.swift; path = RepositoryListView.swift; sourceTree = "<group>"; };
		B33382FB2AF94B3000F031C5 /* Zimran.xcdatamodel */ = {isa = PBXFileReference; lastKnownFileType = wrapper.xcdatamodel; path = Zimran.xcdatamodel; sourceTree = "<group>"; };
		B33382FD2AF94CB800F031C5 /* CoreDataManager.swift */ = {isa = PBXFileReference; lastKnownFileType = sourcecode.swift; path = CoreDataManager.swift; sourceTree = "<group>"; };
		B33382FF2AF9FFF200F031C5 /* PagingData.swift */ = {isa = PBXFileReference; lastKnownFileType = sourcecode.swift; path = PagingData.swift; sourceTree = "<group>"; };
		B33383192AFAB8C300F031C5 /* History.swift */ = {isa = PBXFileReference; lastKnownFileType = sourcecode.swift; path = History.swift; sourceTree = "<group>"; };
		B333831B2AFAB99100F031C5 /* HistoryView.swift */ = {isa = PBXFileReference; lastKnownFileType = sourcecode.swift; path = HistoryView.swift; sourceTree = "<group>"; };
		B333831D2AFABA9100F031C5 /* RepositoryRowView.swift */ = {isa = PBXFileReference; lastKnownFileType = sourcecode.swift; path = RepositoryRowView.swift; sourceTree = "<group>"; };
		B333831F2AFD440800F031C5 /* GitHubConstants.swift */ = {isa = PBXFileReference; lastKnownFileType = sourcecode.swift; path = GitHubConstants.swift; sourceTree = "<group>"; };
		B33383212AFD44BA00F031C5 /* Authorization.swift */ = {isa = PBXFileReference; lastKnownFileType = sourcecode.swift; path = Authorization.swift; sourceTree = "<group>"; };
		B33383232AFD46F900F031C5 /* GithubLoginView.swift */ = {isa = PBXFileReference; lastKnownFileType = sourcecode.swift; path = GithubLoginView.swift; sourceTree = "<group>"; };
		B33383282AFEBC0700F031C5 /* GitHubAuthWebView.swift */ = {isa = PBXFileReference; lastKnownFileType = sourcecode.swift; path = GitHubAuthWebView.swift; sourceTree = "<group>"; };
/* End PBXFileReference section */

/* Begin PBXFrameworksBuildPhase section */
		B33382A62AF7F87100F031C5 /* Frameworks */ = {
			isa = PBXFrameworksBuildPhase;
			buildActionMask = 2147483647;
			files = (
				B33383272AFEBBCF00F031C5 /* OAuthSwift in Frameworks */,
			);
			runOnlyForDeploymentPostprocessing = 0;
		};
/* End PBXFrameworksBuildPhase section */

/* Begin PBXGroup section */
		B33382A02AF7F87100F031C5 = {
			isa = PBXGroup;
			children = (
				B33382AB2AF7F87100F031C5 /* Zimran */,
				B33382AA2AF7F87100F031C5 /* Products */,
			);
			sourceTree = "<group>";
		};
		B33382AA2AF7F87100F031C5 /* Products */ = {
			isa = PBXGroup;
			children = (
				B33382A92AF7F87100F031C5 /* Zimran.app */,
			);
			name = Products;
			sourceTree = "<group>";
		};
		B33382AB2AF7F87100F031C5 /* Zimran */ = {
			isa = PBXGroup;
			children = (
				B33382BC2AF7F89000F031C5 /* Views */,
				B33382BB2AF7F88A00F031C5 /* ViewModels */,
				B33382BA2AF7F88000F031C5 /* Model */,
				B33382AC2AF7F87100F031C5 /* ZimranApp.swift */,
				B33382B02AF7F87100F031C5 /* Assets.xcassets */,
				B33382B22AF7F87100F031C5 /* Preview Content */,
				B33382C92AF804B700F031C5 /* APIService.swift */,
				B33382FA2AF94B3000F031C5 /* Zimran.xcdatamodeld */,
				B33382FD2AF94CB800F031C5 /* CoreDataManager.swift */,
			);
			path = Zimran;
			sourceTree = "<group>";
		};
		B33382B22AF7F87100F031C5 /* Preview Content */ = {
			isa = PBXGroup;
			children = (
				B33382B32AF7F87100F031C5 /* Preview Assets.xcassets */,
			);
			path = "Preview Content";
			sourceTree = "<group>";
		};
		B33382BA2AF7F88000F031C5 /* Model */ = {
			isa = PBXGroup;
			children = (
				B33382BD2AF7F89E00F031C5 /* Repository.swift */,
				B33382BF2AF7F8AF00F031C5 /* User.swift */,
				B33382C72AF7FA5C00F031C5 /* SearchResult.swift */,
				B33382FF2AF9FFF200F031C5 /* PagingData.swift */,
				B33383192AFAB8C300F031C5 /* History.swift */,
				B333831F2AFD440800F031C5 /* GitHubConstants.swift */,
			);
			path = Model;
			sourceTree = "<group>";
		};
		B33382BB2AF7F88A00F031C5 /* ViewModels */ = {
			isa = PBXGroup;
			children = (
				B33382C12AF7F8BB00F031C5 /* RepositoryViewModel.swift */,
				B33382C32AF7F8C500F031C5 /* UserViewModel.swift */,
				B33383212AFD44BA00F031C5 /* Authorization.swift */,
			);
			path = ViewModels;
			sourceTree = "<group>";
		};
		B33382BC2AF7F89000F031C5 /* Views */ = {
			isa = PBXGroup;
			children = (
				B33382AE2AF7F87100F031C5 /* ContentView.swift */,
				B33382CB2AF8D5CB00F031C5 /* RepositoryDetailView.swift */,
				B33382CD2AF8F92F00F031C5 /* RepositoryListView.swift */,
				B333831B2AFAB99100F031C5 /* HistoryView.swift */,
				B333831D2AFABA9100F031C5 /* RepositoryRowView.swift */,
				B33383232AFD46F900F031C5 /* GithubLoginView.swift */,
				B33383282AFEBC0700F031C5 /* GitHubAuthWebView.swift */,
			);
			path = Views;
			sourceTree = "<group>";
		};
/* End PBXGroup section */

/* Begin PBXNativeTarget section */
		B33382A82AF7F87100F031C5 /* Zimran */ = {
			isa = PBXNativeTarget;
			buildConfigurationList = B33382B72AF7F87100F031C5 /* Build configuration list for PBXNativeTarget "Zimran" */;
			buildPhases = (
				B33382A52AF7F87100F031C5 /* Sources */,
				B33382A62AF7F87100F031C5 /* Frameworks */,
				B33382A72AF7F87100F031C5 /* Resources */,
			);
			buildRules = (
			);
			dependencies = (
			);
			name = Zimran;
			packageProductDependencies = (
				B33383262AFEBBCF00F031C5 /* OAuthSwift */,
			);
			productName = Zimran;
			productReference = B33382A92AF7F87100F031C5 /* Zimran.app */;
			productType = "com.apple.product-type.application";
		};
/* End PBXNativeTarget section */

/* Begin PBXProject section */
		B33382A12AF7F87100F031C5 /* Project object */ = {
			isa = PBXProject;
			attributes = {
				BuildIndependentTargetsInParallel = 1;
				LastSwiftUpdateCheck = 1430;
				LastUpgradeCheck = 1430;
				TargetAttributes = {
					B33382A82AF7F87100F031C5 = {
						CreatedOnToolsVersion = 14.3.1;
					};
				};
			};
			buildConfigurationList = B33382A42AF7F87100F031C5 /* Build configuration list for PBXProject "Zimran" */;
			compatibilityVersion = "Xcode 14.0";
			developmentRegion = en;
			hasScannedForEncodings = 0;
			knownRegions = (
				en,
				Base,
			);
			mainGroup = B33382A02AF7F87100F031C5;
			packageReferences = (
				B33383252AFEBBCF00F031C5 /* XCRemoteSwiftPackageReference "OAuthSwift" */,
			);
			productRefGroup = B33382AA2AF7F87100F031C5 /* Products */;
			projectDirPath = "";
			projectRoot = "";
			targets = (
				B33382A82AF7F87100F031C5 /* Zimran */,
			);
		};
/* End PBXProject section */

/* Begin PBXResourcesBuildPhase section */
		B33382A72AF7F87100F031C5 /* Resources */ = {
			isa = PBXResourcesBuildPhase;
			buildActionMask = 2147483647;
			files = (
				B33382B42AF7F87100F031C5 /* Preview Assets.xcassets in Resources */,
				B33382B12AF7F87100F031C5 /* Assets.xcassets in Resources */,
			);
			runOnlyForDeploymentPostprocessing = 0;
		};
/* End PBXResourcesBuildPhase section */

/* Begin PBXSourcesBuildPhase section */
		B33382A52AF7F87100F031C5 /* Sources */ = {
			isa = PBXSourcesBuildPhase;
			buildActionMask = 2147483647;
			files = (
				B33382C02AF7F8AF00F031C5 /* User.swift in Sources */,
				B33382C42AF7F8C500F031C5 /* UserViewModel.swift in Sources */,
				B333831A2AFAB8C300F031C5 /* History.swift in Sources */,
				B33382C82AF7FA5C00F031C5 /* SearchResult.swift in Sources */,
				B33382AF2AF7F87100F031C5 /* ContentView.swift in Sources */,
				B333831E2AFABA9100F031C5 /* RepositoryRowView.swift in Sources */,
				B33382C22AF7F8BB00F031C5 /* RepositoryViewModel.swift in Sources */,
				B33382AD2AF7F87100F031C5 /* ZimranApp.swift in Sources */,
				B333831C2AFAB99100F031C5 /* HistoryView.swift in Sources */,
				B33383242AFD46F900F031C5 /* GithubLoginView.swift in Sources */,
				B33382BE2AF7F89E00F031C5 /* Repository.swift in Sources */,
				B33383202AFD440800F031C5 /* GitHubConstants.swift in Sources */,
				B33382FE2AF94CB800F031C5 /* CoreDataManager.swift in Sources */,
				B33382CE2AF8F92F00F031C5 /* RepositoryListView.swift in Sources */,
				B33383002AF9FFF200F031C5 /* PagingData.swift in Sources */,
				B33382FC2AF94B3000F031C5 /* Zimran.xcdatamodeld in Sources */,
				B33383292AFEBC0700F031C5 /* GitHubAuthWebView.swift in Sources */,
				B33383222AFD44BA00F031C5 /* Authorization.swift in Sources */,
				B33382CC2AF8D5CB00F031C5 /* RepositoryDetailView.swift in Sources */,
				B33382CA2AF804B700F031C5 /* APIService.swift in Sources */,
			);
			runOnlyForDeploymentPostprocessing = 0;
		};
/* End PBXSourcesBuildPhase section */

/* Begin XCBuildConfiguration section */
		B33382B52AF7F87100F031C5 /* Debug */ = {
			isa = XCBuildConfiguration;
			buildSettings = {
				ALWAYS_SEARCH_USER_PATHS = NO;
				CLANG_ANALYZER_NONNULL = YES;
				CLANG_ANALYZER_NUMBER_OBJECT_CONVERSION = YES_AGGRESSIVE;
				CLANG_CXX_LANGUAGE_STANDARD = "gnu++20";
				CLANG_ENABLE_MODULES = YES;
				CLANG_ENABLE_OBJC_ARC = YES;
				CLANG_ENABLE_OBJC_WEAK = YES;
				CLANG_WARN_BLOCK_CAPTURE_AUTORELEASING = YES;
				CLANG_WARN_BOOL_CONVERSION = YES;
				CLANG_WARN_COMMA = YES;
				CLANG_WARN_CONSTANT_CONVERSION = YES;
				CLANG_WARN_DEPRECATED_OBJC_IMPLEMENTATIONS = YES;
				CLANG_WARN_DIRECT_OBJC_ISA_USAGE = YES_ERROR;
				CLANG_WARN_DOCUMENTATION_COMMENTS = YES;
				CLANG_WARN_EMPTY_BODY = YES;
				CLANG_WARN_ENUM_CONVERSION = YES;
				CLANG_WARN_INFINITE_RECURSION = YES;
				CLANG_WARN_INT_CONVERSION = YES;
				CLANG_WARN_NON_LITERAL_NULL_CONVERSION = YES;
				CLANG_WARN_OBJC_IMPLICIT_RETAIN_SELF = YES;
				CLANG_WARN_OBJC_LITERAL_CONVERSION = YES;
				CLANG_WARN_OBJC_ROOT_CLASS = YES_ERROR;
				CLANG_WARN_QUOTED_INCLUDE_IN_FRAMEWORK_HEADER = YES;
				CLANG_WARN_RANGE_LOOP_ANALYSIS = YES;
				CLANG_WARN_STRICT_PROTOTYPES = YES;
				CLANG_WARN_SUSPICIOUS_MOVE = YES;
				CLANG_WARN_UNGUARDED_AVAILABILITY = YES_AGGRESSIVE;
				CLANG_WARN_UNREACHABLE_CODE = YES;
				CLANG_WARN__DUPLICATE_METHOD_MATCH = YES;
				COPY_PHASE_STRIP = NO;
				DEBUG_INFORMATION_FORMAT = dwarf;
				ENABLE_STRICT_OBJC_MSGSEND = YES;
				ENABLE_TESTABILITY = YES;
				GCC_C_LANGUAGE_STANDARD = gnu11;
				GCC_DYNAMIC_NO_PIC = NO;
				GCC_NO_COMMON_BLOCKS = YES;
				GCC_OPTIMIZATION_LEVEL = 0;
				GCC_PREPROCESSOR_DEFINITIONS = (
					"DEBUG=1",
					"$(inherited)",
				);
				GCC_WARN_64_TO_32_BIT_CONVERSION = YES;
				GCC_WARN_ABOUT_RETURN_TYPE = YES_ERROR;
				GCC_WARN_UNDECLARED_SELECTOR = YES;
				GCC_WARN_UNINITIALIZED_AUTOS = YES_AGGRESSIVE;
				GCC_WARN_UNUSED_FUNCTION = YES;
				GCC_WARN_UNUSED_VARIABLE = YES;
				IPHONEOS_DEPLOYMENT_TARGET = 16.4;
				MTL_ENABLE_DEBUG_INFO = INCLUDE_SOURCE;
				MTL_FAST_MATH = YES;
				ONLY_ACTIVE_ARCH = YES;
				SDKROOT = iphoneos;
				SWIFT_ACTIVE_COMPILATION_CONDITIONS = DEBUG;
				SWIFT_OPTIMIZATION_LEVEL = "-Onone";
			};
			name = Debug;
		};
		B33382B62AF7F87100F031C5 /* Release */ = {
			isa = XCBuildConfiguration;
			buildSettings = {
				ALWAYS_SEARCH_USER_PATHS = NO;
				CLANG_ANALYZER_NONNULL = YES;
				CLANG_ANALYZER_NUMBER_OBJECT_CONVERSION = YES_AGGRESSIVE;
				CLANG_CXX_LANGUAGE_STANDARD = "gnu++20";
				CLANG_ENABLE_MODULES = YES;
				CLANG_ENABLE_OBJC_ARC = YES;
				CLANG_ENABLE_OBJC_WEAK = YES;
				CLANG_WARN_BLOCK_CAPTURE_AUTORELEASING = YES;
				CLANG_WARN_BOOL_CONVERSION = YES;
				CLANG_WARN_COMMA = YES;
				CLANG_WARN_CONSTANT_CONVERSION = YES;
				CLANG_WARN_DEPRECATED_OBJC_IMPLEMENTATIONS = YES;
				CLANG_WARN_DIRECT_OBJC_ISA_USAGE = YES_ERROR;
				CLANG_WARN_DOCUMENTATION_COMMENTS = YES;
				CLANG_WARN_EMPTY_BODY = YES;
				CLANG_WARN_ENUM_CONVERSION = YES;
				CLANG_WARN_INFINITE_RECURSION = YES;
				CLANG_WARN_INT_CONVERSION = YES;
				CLANG_WARN_NON_LITERAL_NULL_CONVERSION = YES;
				CLANG_WARN_OBJC_IMPLICIT_RETAIN_SELF = YES;
				CLANG_WARN_OBJC_LITERAL_CONVERSION = YES;
				CLANG_WARN_OBJC_ROOT_CLASS = YES_ERROR;
				CLANG_WARN_QUOTED_INCLUDE_IN_FRAMEWORK_HEADER = YES;
				CLANG_WARN_RANGE_LOOP_ANALYSIS = YES;
				CLANG_WARN_STRICT_PROTOTYPES = YES;
				CLANG_WARN_SUSPICIOUS_MOVE = YES;
				CLANG_WARN_UNGUARDED_AVAILABILITY = YES_AGGRESSIVE;
				CLANG_WARN_UNREACHABLE_CODE = YES;
				CLANG_WARN__DUPLICATE_METHOD_MATCH = YES;
				COPY_PHASE_STRIP = NO;
				DEBUG_INFORMATION_FORMAT = "dwarf-with-dsym";
				ENABLE_NS_ASSERTIONS = NO;
				ENABLE_STRICT_OBJC_MSGSEND = YES;
				GCC_C_LANGUAGE_STANDARD = gnu11;
				GCC_NO_COMMON_BLOCKS = YES;
				GCC_WARN_64_TO_32_BIT_CONVERSION = YES;
				GCC_WARN_ABOUT_RETURN_TYPE = YES_ERROR;
				GCC_WARN_UNDECLARED_SELECTOR = YES;
				GCC_WARN_UNINITIALIZED_AUTOS = YES_AGGRESSIVE;
				GCC_WARN_UNUSED_FUNCTION = YES;
				GCC_WARN_UNUSED_VARIABLE = YES;
				IPHONEOS_DEPLOYMENT_TARGET = 16.4;
				MTL_ENABLE_DEBUG_INFO = NO;
				MTL_FAST_MATH = YES;
				SDKROOT = iphoneos;
				SWIFT_COMPILATION_MODE = wholemodule;
				SWIFT_OPTIMIZATION_LEVEL = "-O";
				VALIDATE_PRODUCT = YES;
			};
			name = Release;
		};
		B33382B82AF7F87100F031C5 /* Debug */ = {
			isa = XCBuildConfiguration;
			buildSettings = {
				ASSETCATALOG_COMPILER_APPICON_NAME = AppIcon;
				ASSETCATALOG_COMPILER_GLOBAL_ACCENT_COLOR_NAME = AccentColor;
				CODE_SIGN_STYLE = Automatic;
				CURRENT_PROJECT_VERSION = 1;
				DEVELOPMENT_ASSET_PATHS = "\"Zimran/Preview Content\"";
				ENABLE_PREVIEWS = YES;
				GENERATE_INFOPLIST_FILE = YES;
				INFOPLIST_KEY_UIApplicationSceneManifest_Generation = YES;
				INFOPLIST_KEY_UIApplicationSupportsIndirectInputEvents = YES;
				INFOPLIST_KEY_UILaunchScreen_Generation = YES;
				INFOPLIST_KEY_UISupportedInterfaceOrientations_iPad = "UIInterfaceOrientationPortrait UIInterfaceOrientationPortraitUpsideDown UIInterfaceOrientationLandscapeLeft UIInterfaceOrientationLandscapeRight";
				INFOPLIST_KEY_UISupportedInterfaceOrientations_iPhone = "UIInterfaceOrientationPortrait UIInterfaceOrientationLandscapeLeft UIInterfaceOrientationLandscapeRight";
				LD_RUNPATH_SEARCH_PATHS = (
					"$(inherited)",
					"@executable_path/Frameworks",
				);
				MARKETING_VERSION = 1.0;
				PRODUCT_BUNDLE_IDENTIFIER = "Aruzhan-Zhakhan.Zimran";
				PRODUCT_NAME = "$(TARGET_NAME)";
				SWIFT_EMIT_LOC_STRINGS = YES;
				SWIFT_VERSION = 5.0;
				TARGETED_DEVICE_FAMILY = "1,2";
			};
			name = Debug;
		};
		B33382B92AF7F87100F031C5 /* Release */ = {
			isa = XCBuildConfiguration;
			buildSettings = {
				ASSETCATALOG_COMPILER_APPICON_NAME = AppIcon;
				ASSETCATALOG_COMPILER_GLOBAL_ACCENT_COLOR_NAME = AccentColor;
				CODE_SIGN_STYLE = Automatic;
				CURRENT_PROJECT_VERSION = 1;
				DEVELOPMENT_ASSET_PATHS = "\"Zimran/Preview Content\"";
				ENABLE_PREVIEWS = YES;
				GENERATE_INFOPLIST_FILE = YES;
				INFOPLIST_KEY_UIApplicationSceneManifest_Generation = YES;
				INFOPLIST_KEY_UIApplicationSupportsIndirectInputEvents = YES;
				INFOPLIST_KEY_UILaunchScreen_Generation = YES;
				INFOPLIST_KEY_UISupportedInterfaceOrientations_iPad = "UIInterfaceOrientationPortrait UIInterfaceOrientationPortraitUpsideDown UIInterfaceOrientationLandscapeLeft UIInterfaceOrientationLandscapeRight";
				INFOPLIST_KEY_UISupportedInterfaceOrientations_iPhone = "UIInterfaceOrientationPortrait UIInterfaceOrientationLandscapeLeft UIInterfaceOrientationLandscapeRight";
				LD_RUNPATH_SEARCH_PATHS = (
					"$(inherited)",
					"@executable_path/Frameworks",
				);
				MARKETING_VERSION = 1.0;
				PRODUCT_BUNDLE_IDENTIFIER = "Aruzhan-Zhakhan.Zimran";
				PRODUCT_NAME = "$(TARGET_NAME)";
				SWIFT_EMIT_LOC_STRINGS = YES;
				SWIFT_VERSION = 5.0;
				TARGETED_DEVICE_FAMILY = "1,2";
			};
			name = Release;
		};
/* End XCBuildConfiguration section */

/* Begin XCConfigurationList section */
		B33382A42AF7F87100F031C5 /* Build configuration list for PBXProject "Zimran" */ = {
			isa = XCConfigurationList;
			buildConfigurations = (
				B33382B52AF7F87100F031C5 /* Debug */,
				B33382B62AF7F87100F031C5 /* Release */,
			);
			defaultConfigurationIsVisible = 0;
			defaultConfigurationName = Release;
		};
		B33382B72AF7F87100F031C5 /* Build configuration list for PBXNativeTarget "Zimran" */ = {
			isa = XCConfigurationList;
			buildConfigurations = (
				B33382B82AF7F87100F031C5 /* Debug */,
				B33382B92AF7F87100F031C5 /* Release */,
			);
			defaultConfigurationIsVisible = 0;
			defaultConfigurationName = Release;
		};
/* End XCConfigurationList section */

/* Begin XCRemoteSwiftPackageReference section */
		B33383252AFEBBCF00F031C5 /* XCRemoteSwiftPackageReference "OAuthSwift" */ = {
			isa = XCRemoteSwiftPackageReference;
			repositoryURL = "https://github.com/OAuthSwift/OAuthSwift";
			requirement = {
				kind = upToNextMajorVersion;
				minimumVersion = 2.0.0;
			};
		};
/* End XCRemoteSwiftPackageReference section */

/* Begin XCSwiftPackageProductDependency section */
		B33383262AFEBBCF00F031C5 /* OAuthSwift */ = {
			isa = XCSwiftPackageProductDependency;
			package = B33383252AFEBBCF00F031C5 /* XCRemoteSwiftPackageReference "OAuthSwift" */;
			productName = OAuthSwift;
		};
/* End XCSwiftPackageProductDependency section */

/* Begin XCVersionGroup section */
		B33382FA2AF94B3000F031C5 /* Zimran.xcdatamodeld */ = {
			isa = XCVersionGroup;
			children = (
				B33382FB2AF94B3000F031C5 /* Zimran.xcdatamodel */,
			);
			currentVersion = B33382FB2AF94B3000F031C5 /* Zimran.xcdatamodel */;
			path = Zimran.xcdatamodeld;
			sourceTree = "<group>";
			versionGroupType = wrapper.xcdatamodel;
		};
/* End XCVersionGroup section */
	};
	rootObject = B33382A12AF7F87100F031C5 /* Project object */;
}
